
Microsoft Visual Studio Solution File, Format Version 12.00
Project("{2150E333-8FDC-42A3-9474-1A3956D46DE8}") = "github", "github", "{334FC470-5D19-4FD8-8973-20FC33D8C00B}"
EndProject
Project("{2150E333-8FDC-42A3-9474-1A3956D46DE8}") = "workflows", "workflows", "{2F4A52AA-1734-4DD9-BB1D-EDB79384C021}"
	ProjectSection(SolutionItems) = preProject
		.github\workflows\build-and-publish.yml = .github\workflows\build-and-publish.yml
		.github\workflows\ci-build.yml = .github\workflows\ci-build.yml
	EndProjectSection
EndProject
Project("{FAE04EC0-301F-11D3-BF4B-00C04F79EFBC}") = "Bounteous.xUnit.Accelerator", "src\Bounteous.xUnit.Accelerator\Bounteous.xUnit.Accelerator.csproj", "{1D831200-B52C-49D8-BBB4-3453CE8D0A22}"
EndProject
Project("{FAE04EC0-301F-11D3-BF4B-00C04F79EFBC}") = "Bounteous.xUnit.Accelerator.Tests", "src\Bounteous.xUnit.Accelarator.Tests\Bounteous.xUnit.Accelerator.Tests.csproj", "{E53E7186-D017-46B4-952F-1DE63D597211}"
EndProject
Global
	GlobalSection(SolutionConfigurationPlatforms) = preSolution
		Debug|Any CPU = Debug|Any CPU
		Release|Any CPU = Release|Any CPU
	EndGlobalSection
	GlobalSection(ProjectConfigurationPlatforms) = postSolution
		{1D831200-B52C-49D8-BBB4-3453CE8D0A22}.Debug|Any CPU.ActiveCfg = Debug|Any CPU
		{1D831200-B52C-49D8-BBB4-3453CE8D0A22}.Debug|Any CPU.Build.0 = Debug|Any CPU
		{1D831200-B52C-49D8-BBB4-3453CE8D0A22}.Release|Any CPU.ActiveCfg = Release|Any CPU
		{1D831200-B52C-49D8-BBB4-3453CE8D0A22}.Release|Any CPU.Build.0 = Release|Any CPU
		{E53E7186-D017-46B4-952F-1DE63D597211}.Debug|Any CPU.ActiveCfg = Debug|Any CPU
		{E53E7186-D017-46B4-952F-1DE63D597211}.Debug|Any CPU.Build.0 = Debug|Any CPU
		{E53E7186-D017-46B4-952F-1DE63D597211}.Release|Any CPU.ActiveCfg = Release|Any CPU
		{E53E7186-D017-46B4-952F-1DE63D597211}.Release|Any CPU.Build.0 = Release|Any CPU
	EndGlobalSection
	GlobalSection(NestedProjects) = preSolution
		{2F4A52AA-1734-4DD9-BB1D-EDB79384C021} = {334FC470-5D19-4FD8-8973-20FC33D8C00B}
	EndGlobalSection
EndGlobal
